
Microsoft Visual Studio Solution File, Format Version 12.00
# Visual Studio Version 16
VisualStudioVersion = 16.0.31911.196
MinimumVisualStudioVersion = 10.0.40219.1
Project("{FAE04EC0-301F-11D3-BF4B-00C04F79EFBC}") = "Multi_Tier_Crud", "Multi_Tier_Crud.csproj", "{B45F8423-C966-47DF-9C4D-68DD03B31227}"
EndProject
Project("{FAE04EC0-301F-11D3-BF4B-00C04F79EFBC}") = "DB_Layer", "..\DB_Layer\DB_Layer.csproj", "{B04650A0-996F-4B07-B172-DE69ABEF2C72}"
EndProject
Project("{FAE04EC0-301F-11D3-BF4B-00C04F79EFBC}") = "Models_Layer", "..\Models_Layer\Models_Layer.csproj", "{CE78E3B3-FA0B-4CEE-BAA2-76EB9E415077}"
EndProject
Global
	GlobalSection(SolutionConfigurationPlatforms) = preSolution
		Debug|Any CPU = Debug|Any CPU
		Release|Any CPU = Release|Any CPU
	EndGlobalSection
	GlobalSection(ProjectConfigurationPlatforms) = postSolution
		{B45F8423-C966-47DF-9C4D-68DD03B31227}.Debug|Any CPU.ActiveCfg = Debug|Any CPU
		{B45F8423-C966-47DF-9C4D-68DD03B31227}.Debug|Any CPU.Build.0 = Debug|Any CPU
		{B45F8423-C966-47DF-9C4D-68DD03B31227}.Release|Any CPU.ActiveCfg = Release|Any CPU
		{B45F8423-C966-47DF-9C4D-68DD03B31227}.Release|Any CPU.Build.0 = Release|Any CPU
		{B04650A0-996F-4B07-B172-DE69ABEF2C72}.Debug|Any CPU.ActiveCfg = Debug|Any CPU
		{B04650A0-996F-4B07-B172-DE69ABEF2C72}.Debug|Any CPU.Build.0 = Debug|Any CPU
		{B04650A0-996F-4B07-B172-DE69ABEF2C72}.Release|Any CPU.ActiveCfg = Release|Any CPU
		{B04650A0-996F-4B07-B172-DE69ABEF2C72}.Release|Any CPU.Build.0 = Release|Any CPU
		{CE78E3B3-FA0B-4CEE-BAA2-76EB9E415077}.Debug|Any CPU.ActiveCfg = Debug|Any CPU
		{CE78E3B3-FA0B-4CEE-BAA2-76EB9E415077}.Debug|Any CPU.Build.0 = Debug|Any CPU
		{CE78E3B3-FA0B-4CEE-BAA2-76EB9E415077}.Release|Any CPU.ActiveCfg = Release|Any CPU
		{CE78E3B3-FA0B-4CEE-BAA2-76EB9E415077}.Release|Any CPU.Build.0 = Release|Any CPU
	EndGlobalSection
	GlobalSection(SolutionProperties) = preSolution
		HideSolutionNode = FALSE
	EndGlobalSection
	GlobalSection(ExtensibilityGlobals) = postSolution
		SolutionGuid = {5682A510-BDF3-4A61-827C-136181E786DD}
	EndGlobalSection
EndGlobal
